// !$*UTF8*$!
{
	archiveVersion = 1;
	classes = {
	};
	objectVersion = 54;
	objects = {

/* Begin PBXBuildFile section */
		7D18A13E2ACDD31E00196801 /* ColoursMetalView.m in Sources */ = {isa = PBXBuildFile; fileRef = 7D18A13D2ACDD31E00196801 /* ColoursMetalView.m */; };
		7D31833A2ACDD94B004A0506 /* ColoursNotificationCenterAdditions.m in Sources */ = {isa = PBXBuildFile; fileRef = 7D3183392ACDD94B004A0506 /* ColoursNotificationCenterAdditions.m */; };
		7D76DCC82ACDF71000AD9308 /* Metal.framework in Frameworks */ = {isa = PBXBuildFile; fileRef = 7D76DCC72ACDF71000AD9308 /* Metal.framework */; };
		7D940ED72ACCDE2B005DCE9D /* MainWindow.xib in Resources */ = {isa = PBXBuildFile; fileRef = 7D940ED82ACCDE2B005DCE9D /* MainWindow.xib */; };
		7D940ED92ACCDE2F005DCE9D /* ColoursViewController.xib in Resources */ = {isa = PBXBuildFile; fileRef = 7D940EDA2ACCDE2F005DCE9D /* ColoursViewController.xib */; };
		7DD69C0D2ACCEF8E0026661E /* LaunchScreen.xib in Resources */ = {isa = PBXBuildFile; fileRef = 7DD69C0C2ACCEF8E0026661E /* LaunchScreen.xib */; };
		7DD69C0F2ACCEFF90026661E /* Assets.xcassets in Resources */ = {isa = PBXBuildFile; fileRef = 7DD69C0E2ACCEFF90026661E /* Assets.xcassets */; };
		7DED0DC01431E65A008D8FBB /* main.m in Sources */ = {isa = PBXBuildFile; fileRef = 7DED0DBF1431E65A008D8FBB /* main.m */; };
		C9B7852D142CEC0A0070BEDE /* UIKit.framework in Frameworks */ = {isa = PBXBuildFile; fileRef = C9B7852C142CEC0A0070BEDE /* UIKit.framework */; };
		C9B7852F142CEC0A0070BEDE /* Foundation.framework in Frameworks */ = {isa = PBXBuildFile; fileRef = C9B7852E142CEC0A0070BEDE /* Foundation.framework */; };
		C9B78531142CEC0A0070BEDE /* CoreGraphics.framework in Frameworks */ = {isa = PBXBuildFile; fileRef = C9B78530142CEC0A0070BEDE /* CoreGraphics.framework */; };
		C9B78533142CEC0A0070BEDE /* QuartzCore.framework in Frameworks */ = {isa = PBXBuildFile; fileRef = C9B78532142CEC0A0070BEDE /* QuartzCore.framework */; };
		C9B78541142CEC0A0070BEDE /* ColoursAppDelegate.m in Sources */ = {isa = PBXBuildFile; fileRef = C9B78540142CEC0A0070BEDE /* ColoursAppDelegate.m */; };
		C9B78546142CEC0A0070BEDE /* ColoursVertex.metal in Resources */ = {isa = PBXBuildFile; fileRef = C9B78545142CEC0A0070BEDE /* ColoursVertex.metal */; };
		C9B78548142CEC0A0070BEDE /* ColoursFragment.metal in Resources */ = {isa = PBXBuildFile; fileRef = C9B78547142CEC0A0070BEDE /* ColoursFragment.metal */; };
		C9B7854E142CEC0A0070BEDE /* ColoursViewController.m in Sources */ = {isa = PBXBuildFile; fileRef = C9B7854D142CEC0A0070BEDE /* ColoursViewController.m */; };
/* End PBXBuildFile section */

/* Begin PBXFileReference section */
		7D18A13C2ACDD31E00196801 /* ColoursMetalView.h */ = {isa = PBXFileReference; lastKnownFileType = sourcecode.c.h; path = ColoursMetalView.h; sourceTree = "<group>"; };
		7D18A13D2ACDD31E00196801 /* ColoursMetalView.m */ = {isa = PBXFileReference; lastKnownFileType = sourcecode.c.objc; path = ColoursMetalView.m; sourceTree = "<group>"; };
		7D3183382ACDD94B004A0506 /* ColoursNotificationCenterAdditions.h */ = {isa = PBXFileReference; lastKnownFileType = sourcecode.c.h; path = ColoursNotificationCenterAdditions.h; sourceTree = "<group>"; };
		7D3183392ACDD94B004A0506 /* ColoursNotificationCenterAdditions.m */ = {isa = PBXFileReference; lastKnownFileType = sourcecode.c.objc; path = ColoursNotificationCenterAdditions.m; sourceTree = "<group>"; };
		7D76DCC72ACDF71000AD9308 /* Metal.framework */ = {isa = PBXFileReference; lastKnownFileType = wrapper.framework; name = Metal.framework; path = System/Library/Frameworks/Metal.framework; sourceTree = SDKROOT; };
		7D76DCC92ACE0B3A00AD9308 /* ColoursShaders.h */ = {isa = PBXFileReference; lastKnownFileType = sourcecode.c.h; path = ColoursShaders.h; sourceTree = "<group>"; };
		7D9023FC2ACE3C41007D5AB9 /* Colours.entitlements */ = {isa = PBXFileReference; lastKnownFileType = text.plist.entitlements; path = Colours.entitlements; sourceTree = "<group>"; };
		7D940ED82ACCDE2B005DCE9D /* MainWindow.xib */ = {isa = PBXFileReference; lastKnownFileType = file.xib; path = MainWindow.xib; sourceTree = "<group>"; };
		7D940EDA2ACCDE2F005DCE9D /* ColoursViewController.xib */ = {isa = PBXFileReference; lastKnownFileType = file.xib; path = ColoursViewController.xib; sourceTree = "<group>"; };
		7DB6E0D0142CFF770067B650 /* Colours-Info.plist */ = {isa = PBXFileReference; fileEncoding = 4; lastKnownFileType = text.plist.xml; path = "Colours-Info.plist"; sourceTree = "<group>"; };
		7DD69C0C2ACCEF8E0026661E /* LaunchScreen.xib */ = {isa = PBXFileReference; lastKnownFileType = file.xib; path = LaunchScreen.xib; sourceTree = "<group>"; };
		7DD69C0E2ACCEFF90026661E /* Assets.xcassets */ = {isa = PBXFileReference; lastKnownFileType = folder.assetcatalog; path = Assets.xcassets; sourceTree = "<group>"; };
		7DED0DBF1431E65A008D8FBB /* main.m */ = {isa = PBXFileReference; fileEncoding = 4; lastKnownFileType = sourcecode.c.objc; path = main.m; sourceTree = "<group>"; };
		C9B78528142CEC0A0070BEDE /* Colours.app */ = {isa = PBXFileReference; explicitFileType = wrapper.application; includeInIndex = 0; path = Colours.app; sourceTree = BUILT_PRODUCTS_DIR; };
		C9B7852C142CEC0A0070BEDE /* UIKit.framework */ = {isa = PBXFileReference; lastKnownFileType = wrapper.framework; name = UIKit.framework; path = System/Library/Frameworks/UIKit.framework; sourceTree = SDKROOT; };
		C9B7852E142CEC0A0070BEDE /* Foundation.framework */ = {isa = PBXFileReference; lastKnownFileType = wrapper.framework; name = Foundation.framework; path = System/Library/Frameworks/Foundation.framework; sourceTree = SDKROOT; };
		C9B78530142CEC0A0070BEDE /* CoreGraphics.framework */ = {isa = PBXFileReference; lastKnownFileType = wrapper.framework; name = CoreGraphics.framework; path = System/Library/Frameworks/CoreGraphics.framework; sourceTree = SDKROOT; };
		C9B78532142CEC0A0070BEDE /* QuartzCore.framework */ = {isa = PBXFileReference; lastKnownFileType = wrapper.framework; name = QuartzCore.framework; path = System/Library/Frameworks/QuartzCore.framework; sourceTree = SDKROOT; };
		C9B78534142CEC0A0070BEDE /* OpenGLES.framework */ = {isa = PBXFileReference; lastKnownFileType = wrapper.framework; name = OpenGLES.framework; path = System/Library/Frameworks/OpenGLES.framework; sourceTree = SDKROOT; };
		C9B7853F142CEC0A0070BEDE /* ColoursAppDelegate.h */ = {isa = PBXFileReference; lastKnownFileType = sourcecode.c.h; path = ColoursAppDelegate.h; sourceTree = "<group>"; };
		C9B78540142CEC0A0070BEDE /* ColoursAppDelegate.m */ = {isa = PBXFileReference; lastKnownFileType = sourcecode.c.objc; path = ColoursAppDelegate.m; sourceTree = "<group>"; };
		C9B78545142CEC0A0070BEDE /* ColoursVertex.metal */ = {isa = PBXFileReference; lastKnownFileType = sourcecode.metal; path = ColoursVertex.metal; sourceTree = "<group>"; xcLanguageSpecificationIdentifier = xcode.lang.glsl; };
		C9B78547142CEC0A0070BEDE /* ColoursFragment.metal */ = {isa = PBXFileReference; lastKnownFileType = sourcecode.metal; path = ColoursFragment.metal; sourceTree = "<group>"; xcLanguageSpecificationIdentifier = xcode.lang.glsl; };
		C9B7854C142CEC0A0070BEDE /* ColoursViewController.h */ = {isa = PBXFileReference; lastKnownFileType = sourcecode.c.h; path = ColoursViewController.h; sourceTree = "<group>"; };
		C9B7854D142CEC0A0070BEDE /* ColoursViewController.m */ = {isa = PBXFileReference; lastKnownFileType = sourcecode.c.objc; path = ColoursViewController.m; sourceTree = "<group>"; };
/* End PBXFileReference section */

/* Begin PBXFrameworksBuildPhase section */
		C9B78525142CEC0A0070BEDE /* Frameworks */ = {
			isa = PBXFrameworksBuildPhase;
			buildActionMask = 2147483647;
			files = (
				7D76DCC82ACDF71000AD9308 /* Metal.framework in Frameworks */,
				C9B7852D142CEC0A0070BEDE /* UIKit.framework in Frameworks */,
				C9B7852F142CEC0A0070BEDE /* Foundation.framework in Frameworks */,
				C9B78531142CEC0A0070BEDE /* CoreGraphics.framework in Frameworks */,
				C9B78533142CEC0A0070BEDE /* QuartzCore.framework in Frameworks */,
			);
			runOnlyForDeploymentPostprocessing = 0;
		};
/* End PBXFrameworksBuildPhase section */

/* Begin PBXGroup section */
		7DB6E0CE142CFEFA0067B650 /* Resources */ = {
			isa = PBXGroup;
			children = (
				7DB6E0D0142CFF770067B650 /* Colours-Info.plist */,
				7DD69C0E2ACCEFF90026661E /* Assets.xcassets */,
				7DD69C0C2ACCEF8E0026661E /* LaunchScreen.xib */,
				7D940ED82ACCDE2B005DCE9D /* MainWindow.xib */,
				7D940EDA2ACCDE2F005DCE9D /* ColoursViewController.xib */,
			);
			path = Resources;
			sourceTree = "<group>";
		};
		7DED0DBE1431E65A008D8FBB /* Other Sources */ = {
			isa = PBXGroup;
			children = (
				7DED0DBF1431E65A008D8FBB /* main.m */,
			);
			path = "Other Sources";
			sourceTree = "<group>";
		};
		C9B7851D142CEC0A0070BEDE = {
			isa = PBXGroup;
			children = (
				C9B78536142CEC0A0070BEDE /* Colours */,
				C9B7852B142CEC0A0070BEDE /* Frameworks */,
				C9B78529142CEC0A0070BEDE /* Products */,
			);
			sourceTree = "<group>";
		};
		C9B78529142CEC0A0070BEDE /* Products */ = {
			isa = PBXGroup;
			children = (
				C9B78528142CEC0A0070BEDE /* Colours.app */,
			);
			name = Products;
			sourceTree = "<group>";
		};
		C9B7852B142CEC0A0070BEDE /* Frameworks */ = {
			isa = PBXGroup;
			children = (
				7D76DCC72ACDF71000AD9308 /* Metal.framework */,
				C9B7852C142CEC0A0070BEDE /* UIKit.framework */,
				C9B7852E142CEC0A0070BEDE /* Foundation.framework */,
				C9B78530142CEC0A0070BEDE /* CoreGraphics.framework */,
				C9B78532142CEC0A0070BEDE /* QuartzCore.framework */,
				C9B78534142CEC0A0070BEDE /* OpenGLES.framework */,
			);
			name = Frameworks;
			sourceTree = "<group>";
		};
		C9B78536142CEC0A0070BEDE /* Colours */ = {
			isa = PBXGroup;
			children = (
				7D9023FC2ACE3C41007D5AB9 /* Colours.entitlements */,
				C9B7854C142CEC0A0070BEDE /* ColoursViewController.h */,
				C9B7854D142CEC0A0070BEDE /* ColoursViewController.m */,
				7D76DCC92ACE0B3A00AD9308 /* ColoursShaders.h */,
				C9B78545142CEC0A0070BEDE /* ColoursVertex.metal */,
				C9B78547142CEC0A0070BEDE /* ColoursFragment.metal */,
				C9B7853F142CEC0A0070BEDE /* ColoursAppDelegate.h */,
				C9B78540142CEC0A0070BEDE /* ColoursAppDelegate.m */,
				7D18A13C2ACDD31E00196801 /* ColoursMetalView.h */,
				7D18A13D2ACDD31E00196801 /* ColoursMetalView.m */,
				7D3183382ACDD94B004A0506 /* ColoursNotificationCenterAdditions.h */,
				7D3183392ACDD94B004A0506 /* ColoursNotificationCenterAdditions.m */,
				7DED0DBE1431E65A008D8FBB /* Other Sources */,
				7DB6E0CE142CFEFA0067B650 /* Resources */,
			);
			path = Colours;
			sourceTree = "<group>";
		};
/* End PBXGroup section */

/* Begin PBXNativeTarget section */
		C9B78527142CEC0A0070BEDE /* Colours */ = {
			isa = PBXNativeTarget;
			buildConfigurationList = C9B78554142CEC0A0070BEDE /* Build configuration list for PBXNativeTarget "Colours" */;
			buildPhases = (
				C9B78524142CEC0A0070BEDE /* Sources */,
				C9B78525142CEC0A0070BEDE /* Frameworks */,
				C9B78526142CEC0A0070BEDE /* Resources */,
			);
			buildRules = (
			);
			dependencies = (
			);
			name = Colours;
			productName = Colours;
			productReference = C9B78528142CEC0A0070BEDE /* Colours.app */;
			productType = "com.apple.product-type.application";
		};
/* End PBXNativeTarget section */

/* Begin PBXProject section */
		C9B7851F142CEC0A0070BEDE /* Project object */ = {
			isa = PBXProject;
			attributes = {
				BuildIndependentTargetsInParallel = YES;
				LastUpgradeCheck = 1500;
				ORGANIZATIONNAME = "Things Made Out Of Other Things Ltd.";
			};
			buildConfigurationList = C9B78522142CEC0A0070BEDE /* Build configuration list for PBXProject "Colours" */;
			compatibilityVersion = "Xcode 3.2";
			developmentRegion = en;
			hasScannedForEncodings = 0;
			knownRegions = (
				en,
			);
			mainGroup = C9B7851D142CEC0A0070BEDE;
			productRefGroup = C9B78529142CEC0A0070BEDE /* Products */;
			projectDirPath = "";
			projectRoot = "";
			targets = (
				C9B78527142CEC0A0070BEDE /* Colours */,
			);
		};
/* End PBXProject section */

/* Begin PBXResourcesBuildPhase section */
		C9B78526142CEC0A0070BEDE /* Resources */ = {
			isa = PBXResourcesBuildPhase;
			buildActionMask = 2147483647;
			files = (
				7D940ED72ACCDE2B005DCE9D /* MainWindow.xib in Resources */,
				C9B78546142CEC0A0070BEDE /* ColoursVertex.metal in Resources */,
				C9B78548142CEC0A0070BEDE /* ColoursFragment.metal in Resources */,
				7D940ED92ACCDE2F005DCE9D /* ColoursViewController.xib in Resources */,
				7DD69C0F2ACCEFF90026661E /* Assets.xcassets in Resources */,
				7DD69C0D2ACCEF8E0026661E /* LaunchScreen.xib in Resources */,
			);
			runOnlyForDeploymentPostprocessing = 0;
		};
/* End PBXResourcesBuildPhase section */

/* Begin PBXSourcesBuildPhase section */
		C9B78524142CEC0A0070BEDE /* Sources */ = {
			isa = PBXSourcesBuildPhase;
			buildActionMask = 2147483647;
			files = (
				C9B78541142CEC0A0070BEDE /* ColoursAppDelegate.m in Sources */,
				7D18A13E2ACDD31E00196801 /* ColoursMetalView.m in Sources */,
				C9B7854E142CEC0A0070BEDE /* ColoursViewController.m in Sources */,
				7DED0DC01431E65A008D8FBB /* main.m in Sources */,
				7D31833A2ACDD94B004A0506 /* ColoursNotificationCenterAdditions.m in Sources */,
			);
			runOnlyForDeploymentPostprocessing = 0;
		};
/* End PBXSourcesBuildPhase section */

/* Begin XCBuildConfiguration section */
		C9B78552142CEC0A0070BEDE /* Debug */ = {
			isa = XCBuildConfiguration;
			buildSettings = {
				CLANG_ANALYZER_LOCALIZABILITY_NONLOCALIZED = YES;
				CLANG_ENABLE_OBJC_ARC = YES;
				CLANG_WARN_BLOCK_CAPTURE_AUTORELEASING = YES;
				CLANG_WARN_BOOL_CONVERSION = YES;
				CLANG_WARN_COMMA = YES;
				CLANG_WARN_CONSTANT_CONVERSION = YES;
				CLANG_WARN_DEPRECATED_OBJC_IMPLEMENTATIONS = YES;
				CLANG_WARN_EMPTY_BODY = YES;
				CLANG_WARN_ENUM_CONVERSION = YES;
				CLANG_WARN_INFINITE_RECURSION = YES;
				CLANG_WARN_INT_CONVERSION = YES;
				CLANG_WARN_NON_LITERAL_NULL_CONVERSION = YES;
				CLANG_WARN_OBJC_IMPLICIT_RETAIN_SELF = YES;
				CLANG_WARN_OBJC_LITERAL_CONVERSION = YES;
				CLANG_WARN_QUOTED_INCLUDE_IN_FRAMEWORK_HEADER = YES;
				CLANG_WARN_RANGE_LOOP_ANALYSIS = YES;
				CLANG_WARN_STRICT_PROTOTYPES = YES;
				CLANG_WARN_SUSPICIOUS_MOVE = YES;
				CLANG_WARN_UNREACHABLE_CODE = YES;
				CLANG_WARN__DUPLICATE_METHOD_MATCH = YES;
				"CODE_SIGN_IDENTITY[sdk=iphoneos*]" = "iPhone Developer";
				ENABLE_STRICT_OBJC_MSGSEND = YES;
				ENABLE_TESTABILITY = YES;
				ENABLE_USER_SCRIPT_SANDBOXING = YES;
				GCC_C_LANGUAGE_STANDARD = c17;
				GCC_NO_COMMON_BLOCKS = YES;
				GCC_OPTIMIZATION_LEVEL = 0;
				GCC_PREPROCESSOR_DEFINITIONS = DEBUG;
				GCC_SYMBOLS_PRIVATE_EXTERN = NO;
				GCC_WARN_64_TO_32_BIT_CONVERSION = YES;
				GCC_WARN_ABOUT_RETURN_TYPE = YES;
				GCC_WARN_UNDECLARED_SELECTOR = YES;
				GCC_WARN_UNINITIALIZED_AUTOS = YES;
				GCC_WARN_UNUSED_FUNCTION = YES;
				GCC_WARN_UNUSED_VARIABLE = YES;
				IPHONEOS_DEPLOYMENT_TARGET = 17.0;
				ONLY_ACTIVE_ARCH = YES;
				SDKROOT = iphoneos;
			};
			name = Debug;
		};
		C9B78553142CEC0A0070BEDE /* Release */ = {
			isa = XCBuildConfiguration;
			buildSettings = {
				CLANG_ANALYZER_LOCALIZABILITY_NONLOCALIZED = YES;
				CLANG_ENABLE_OBJC_ARC = YES;
				CLANG_WARN_BLOCK_CAPTURE_AUTORELEASING = YES;
				CLANG_WARN_BOOL_CONVERSION = YES;
				CLANG_WARN_COMMA = YES;
				CLANG_WARN_CONSTANT_CONVERSION = YES;
				CLANG_WARN_DEPRECATED_OBJC_IMPLEMENTATIONS = YES;
				CLANG_WARN_EMPTY_BODY = YES;
				CLANG_WARN_ENUM_CONVERSION = YES;
				CLANG_WARN_INFINITE_RECURSION = YES;
				CLANG_WARN_INT_CONVERSION = YES;
				CLANG_WARN_NON_LITERAL_NULL_CONVERSION = YES;
				CLANG_WARN_OBJC_IMPLICIT_RETAIN_SELF = YES;
				CLANG_WARN_OBJC_LITERAL_CONVERSION = YES;
				CLANG_WARN_QUOTED_INCLUDE_IN_FRAMEWORK_HEADER = YES;
				CLANG_WARN_RANGE_LOOP_ANALYSIS = YES;
				CLANG_WARN_STRICT_PROTOTYPES = YES;
				CLANG_WARN_SUSPICIOUS_MOVE = YES;
				CLANG_WARN_UNREACHABLE_CODE = YES;
				CLANG_WARN__DUPLICATE_METHOD_MATCH = YES;
				"CODE_SIGN_IDENTITY[sdk=iphoneos*]" = "iPhone Developer";
				ENABLE_STRICT_OBJC_MSGSEND = YES;
				ENABLE_USER_SCRIPT_SANDBOXING = YES;
				GCC_C_LANGUAGE_STANDARD = c17;
				GCC_NO_COMMON_BLOCKS = YES;
				GCC_WARN_64_TO_32_BIT_CONVERSION = YES;
				GCC_WARN_ABOUT_RETURN_TYPE = YES;
				GCC_WARN_UNDECLARED_SELECTOR = YES;
				GCC_WARN_UNINITIALIZED_AUTOS = YES;
				GCC_WARN_UNUSED_FUNCTION = YES;
				GCC_WARN_UNUSED_VARIABLE = YES;
				IPHONEOS_DEPLOYMENT_TARGET = 17.0;
				SDKROOT = iphoneos;
			};
			name = Release;
		};
		C9B78555142CEC0A0070BEDE /* Debug */ = {
			isa = XCBuildConfiguration;
			buildSettings = {
				ALWAYS_SEARCH_USER_PATHS = NO;
				ASSETCATALOG_COMPILER_APPICON_NAME = AppIcon;
				CLANG_ENABLE_OBJC_WEAK = YES;
				CODE_SIGN_ENTITLEMENTS = Colours/Colours.entitlements;
				COPY_PHASE_STRIP = NO;
				DEVELOPMENT_TEAM = M6J2656Z2Y;
				GCC_PREPROCESSOR_DEFINITIONS = (
					"$(inherited)",
					"GLES_SILENCE_DEPRECATION=1",
				);
				INFOPLIST_FILE = "Colours/Resources/Colours-Info.plist";
				MTL_ENABLE_DEBUG_INFO = INCLUDE_SOURCE;
				PRODUCT_BUNDLE_IDENTIFIER = "gs.ingsmadeoutofotherthin.th.${PRODUCT_NAME:rfc1034identifier}";
				PRODUCT_NAME = "$(TARGET_NAME)";
				SUPPORTED_PLATFORMS = "iphoneos iphonesimulator";
				SUPPORTS_MACCATALYST = YES;
				SUPPORTS_MAC_DESIGNED_FOR_IPHONE_IPAD = NO;
				TARGETED_DEVICE_FAMILY = "1,2";
				WRAPPER_EXTENSION = app;
			};
			name = Debug;
		};
		C9B78556142CEC0A0070BEDE /* Release */ = {
			isa = XCBuildConfiguration;
			buildSettings = {
				ALWAYS_SEARCH_USER_PATHS = NO;
				ASSETCATALOG_COMPILER_APPICON_NAME = AppIcon;
				CLANG_ENABLE_OBJC_WEAK = YES;
				CODE_SIGN_ENTITLEMENTS = Colours/Colours.entitlements;
				COPY_PHASE_STRIP = YES;
				DEVELOPMENT_TEAM = M6J2656Z2Y;
				GCC_PREPROCESSOR_DEFINITIONS = (
					"$(inherited)",
					"GLES_SILENCE_DEPRECATION=1",
				);
				INFOPLIST_FILE = "Colours/Resources/Colours-Info.plist";
				PRODUCT_BUNDLE_IDENTIFIER = "gs.ingsmadeoutofotherthin.th.${PRODUCT_NAME:rfc1034identifier}";
				PRODUCT_NAME = "$(TARGET_NAME)";
				SUPPORTED_PLATFORMS = "iphoneos iphonesimulator";
				SUPPORTS_MACCATALYST = YES;
				SUPPORTS_MAC_DESIGNED_FOR_IPHONE_IPAD = NO;
				TARGETED_DEVICE_FAMILY = "1,2";
				VALIDATE_PRODUCT = YES;
				WRAPPER_EXTENSION = app;
			};
			name = Release;
		};
/* End XCBuildConfiguration section */

/* Begin XCConfigurationList section */
		C9B78522142CEC0A0070BEDE /* Build configuration list for PBXProject "Colours" */ = {
			isa = XCConfigurationList;
			buildConfigurations = (
				C9B78552142CEC0A0070BEDE /* Debug */,
				C9B78553142CEC0A0070BEDE /* Release */,
			);
			defaultConfigurationIsVisible = 0;
			defaultConfigurationName = Release;
		};
		C9B78554142CEC0A0070BEDE /* Build configuration list for PBXNativeTarget "Colours" */ = {
			isa = XCConfigurationList;
			buildConfigurations = (
				C9B78555142CEC0A0070BEDE /* Debug */,
				C9B78556142CEC0A0070BEDE /* Release */,
			);
			defaultConfigurationIsVisible = 0;
			defaultConfigurationName = Release;
		};
/* End XCConfigurationList section */
	};
	rootObject = C9B7851F142CEC0A0070BEDE /* Project object */;
}
